dependencies:
- name: cert-manager
  repository: https://charts.jetstack.io
  version: v1.19.1
- name: cilium
  repository: https://helm.cilium.io
  version: 1.18.4
- name: prometheus-operator-crds
  repository: https://prometheus-community.github.io/helm-charts
  version: 25.0.0
- name: velero
  repository: https://vmware-tanzu.github.io/helm-charts
  version: 11.2.0
digest: sha256:98657b64aef6825ceecbaa85e53419b78b9386f5d6ebc7fa26bb0b09c7062f04
generated: "2025-11-22T11:08:13.736416387Z"
